
Microsoft Visual Studio Solution File, Format Version 12.00
# Visual Studio 14
VisualStudioVersion = 14.0.25123.0
MinimumVisualStudioVersion = 10.0.40219.1
Project("{888888A0-9F3D-457C-B088-3A5042F75D52}") = "losteyelid.checkexecuter", "src\losteyelid.checkexecuter\losteyelid.checkexecuter.pyproj", "{62666F72-DA83-471B-8B05-7E0F1535824F}"
EndProject
Project("{888888A0-9F3D-457C-B088-3A5042F75D52}") = "losteyelid.checkscheduler", "src\losteyelid.checkscheduler\losteyelid.checkscheduler.pyproj", "{B44711D7-C173-4F73-8FE2-6B2D20019DBB}"
EndProject
Global
	GlobalSection(SolutionConfigurationPlatforms) = preSolution
		Debug|Any CPU = Debug|Any CPU
		Release|Any CPU = Release|Any CPU
	EndGlobalSection
	GlobalSection(ProjectConfigurationPlatforms) = postSolution
		{62666F72-DA83-471B-8B05-7E0F1535824F}.Debug|Any CPU.ActiveCfg = Debug|Any CPU
		{62666F72-DA83-471B-8B05-7E0F1535824F}.Release|Any CPU.ActiveCfg = Release|Any CPU
		{B44711D7-C173-4F73-8FE2-6B2D20019DBB}.Debug|Any CPU.ActiveCfg = Debug|Any CPU
		{B44711D7-C173-4F73-8FE2-6B2D20019DBB}.Release|Any CPU.ActiveCfg = Release|Any CPU
	EndGlobalSection
	GlobalSection(SolutionProperties) = preSolution
		HideSolutionNode = FALSE
	EndGlobalSection
EndGlobal
